
Microsoft Visual Studio Solution File, Format Version 12.00
# Visual Studio Version 16
VisualStudioVersion = 16.0.30907.101
MinimumVisualStudioVersion = 10.0.40219.1
Project("{FAE04EC0-301F-11D3-BF4B-00C04F79EFBC}") = "MDIMigracion", "MDIMigracion\MDIMigracion.csproj", "{DBC1AB6D-6DC6-43D3-AC47-A11775161242}"
EndProject
Global
	GlobalSection(SolutionConfigurationPlatforms) = preSolution
		Debug|Any CPU = Debug|Any CPU
		Release|Any CPU = Release|Any CPU
	EndGlobalSection
	GlobalSection(ProjectConfigurationPlatforms) = postSolution
		{DBC1AB6D-6DC6-43D3-AC47-A11775161242}.Debug|Any CPU.ActiveCfg = Debug|Any CPU
		{DBC1AB6D-6DC6-43D3-AC47-A11775161242}.Debug|Any CPU.Build.0 = Debug|Any CPU
		{DBC1AB6D-6DC6-43D3-AC47-A11775161242}.Release|Any CPU.ActiveCfg = Release|Any CPU
		{DBC1AB6D-6DC6-43D3-AC47-A11775161242}.Release|Any CPU.Build.0 = Release|Any CPU
	EndGlobalSection
	GlobalSection(SolutionProperties) = preSolution
		HideSolutionNode = FALSE
	EndGlobalSection
	GlobalSection(ExtensibilityGlobals) = postSolution
		SolutionGuid = {73486456-DB79-4725-B3BA-F26082514385}
	EndGlobalSection
EndGlobal
